
Microsoft Visual Studio Solution File, Format Version 12.00
# Visual Studio 14
VisualStudioVersion = 14.0.24720.0
MinimumVisualStudioVersion = 10.0.40219.1
Project("{FAE04EC0-301F-11D3-BF4B-00C04F79EFBC}") = "EDA1.Lib", "EDA1.Lib\EDA1.Lib.csproj", "{1D3BBF5B-7C75-4CB7-BBBF-5C9FEEC30ABD}"
EndProject
Project("{FAE04EC0-301F-11D3-BF4B-00C04F79EFBC}") = "EDA1.UnitTests", "EDA1.UnitTests\EDA1.UnitTests.csproj", "{F3F10FC9-B90E-4D2A-8ADF-A1244BC01F6A}"
EndProject
Project("{FAE04EC0-301F-11D3-BF4B-00C04F79EFBC}") = "EDA1.Calculadora", "EDA1.Calculadora\EDA1.Calculadora.csproj", "{DB646F81-1824-4F75-ADA8-D43CD323DA74}"
EndProject
Project("{FAE04EC0-301F-11D3-BF4B-00C04F79EFBC}") = "EDA1.MiniPaint", "EDA1.MiniPaint\EDA1.MiniPaint.csproj", "{54660AB0-CBB3-4F82-A45C-7700E255C5E8}"
EndProject
Project("{FAE04EC0-301F-11D3-BF4B-00C04F79EFBC}") = "EDA1.Editor", "EDA1.Editor\EDA1.Editor.csproj", "{4831B40D-80CC-469A-9F58-D6CBEAE3742F}"
EndProject
Global
	GlobalSection(SolutionConfigurationPlatforms) = preSolution
		Debug|Any CPU = Debug|Any CPU
		Release|Any CPU = Release|Any CPU
	EndGlobalSection
	GlobalSection(ProjectConfigurationPlatforms) = postSolution
		{1D3BBF5B-7C75-4CB7-BBBF-5C9FEEC30ABD}.Debug|Any CPU.ActiveCfg = Debug|Any CPU
		{1D3BBF5B-7C75-4CB7-BBBF-5C9FEEC30ABD}.Debug|Any CPU.Build.0 = Debug|Any CPU
		{1D3BBF5B-7C75-4CB7-BBBF-5C9FEEC30ABD}.Release|Any CPU.ActiveCfg = Release|Any CPU
		{1D3BBF5B-7C75-4CB7-BBBF-5C9FEEC30ABD}.Release|Any CPU.Build.0 = Release|Any CPU
		{F3F10FC9-B90E-4D2A-8ADF-A1244BC01F6A}.Debug|Any CPU.ActiveCfg = Debug|Any CPU
		{F3F10FC9-B90E-4D2A-8ADF-A1244BC01F6A}.Debug|Any CPU.Build.0 = Debug|Any CPU
		{F3F10FC9-B90E-4D2A-8ADF-A1244BC01F6A}.Release|Any CPU.ActiveCfg = Release|Any CPU
		{F3F10FC9-B90E-4D2A-8ADF-A1244BC01F6A}.Release|Any CPU.Build.0 = Release|Any CPU
		{DB646F81-1824-4F75-ADA8-D43CD323DA74}.Debug|Any CPU.ActiveCfg = Debug|Any CPU
		{DB646F81-1824-4F75-ADA8-D43CD323DA74}.Debug|Any CPU.Build.0 = Debug|Any CPU
		{DB646F81-1824-4F75-ADA8-D43CD323DA74}.Release|Any CPU.ActiveCfg = Release|Any CPU
		{DB646F81-1824-4F75-ADA8-D43CD323DA74}.Release|Any CPU.Build.0 = Release|Any CPU
		{54660AB0-CBB3-4F82-A45C-7700E255C5E8}.Debug|Any CPU.ActiveCfg = Debug|Any CPU
		{54660AB0-CBB3-4F82-A45C-7700E255C5E8}.Debug|Any CPU.Build.0 = Debug|Any CPU
		{54660AB0-CBB3-4F82-A45C-7700E255C5E8}.Release|Any CPU.ActiveCfg = Release|Any CPU
		{54660AB0-CBB3-4F82-A45C-7700E255C5E8}.Release|Any CPU.Build.0 = Release|Any CPU
		{4831B40D-80CC-469A-9F58-D6CBEAE3742F}.Debug|Any CPU.ActiveCfg = Debug|Any CPU
		{4831B40D-80CC-469A-9F58-D6CBEAE3742F}.Debug|Any CPU.Build.0 = Debug|Any CPU
		{4831B40D-80CC-469A-9F58-D6CBEAE3742F}.Release|Any CPU.ActiveCfg = Release|Any CPU
		{4831B40D-80CC-469A-9F58-D6CBEAE3742F}.Release|Any CPU.Build.0 = Release|Any CPU
	EndGlobalSection
	GlobalSection(SolutionProperties) = preSolution
		HideSolutionNode = FALSE
	EndGlobalSection
EndGlobal
